
Microsoft Visual Studio Solution File, Format Version 12.00
# Visual Studio Version 16
VisualStudioVersion = 16.0.31624.102
MinimumVisualStudioVersion = 10.0.40219.1
Project("{FAE04EC0-301F-11D3-BF4B-00C04F79EFBC}") = "HelloWorld", "HelloWorld\HelloWorld.csproj", "{3B3E35C4-376C-4AA4-8B18-DDD306337598}"
EndProject
Global
	GlobalSection(SolutionConfigurationPlatforms) = preSolution
		Debug|Any CPU = Debug|Any CPU
		Release|Any CPU = Release|Any CPU
	EndGlobalSection
	GlobalSection(ProjectConfigurationPlatforms) = postSolution
		{3B3E35C4-376C-4AA4-8B18-DDD306337598}.Debug|Any CPU.ActiveCfg = Debug|Any CPU
		{3B3E35C4-376C-4AA4-8B18-DDD306337598}.Debug|Any CPU.Build.0 = Debug|Any CPU
		{3B3E35C4-376C-4AA4-8B18-DDD306337598}.Release|Any CPU.ActiveCfg = Release|Any CPU
		{3B3E35C4-376C-4AA4-8B18-DDD306337598}.Release|Any CPU.Build.0 = Release|Any CPU
	EndGlobalSection
	GlobalSection(SolutionProperties) = preSolution
		HideSolutionNode = FALSE
	EndGlobalSection
	GlobalSection(ExtensibilityGlobals) = postSolution
		SolutionGuid = {ADF8BC27-4B26-42D1-B417-14584C3326EA}
	EndGlobalSection
EndGlobal
